
Microsoft Visual Studio Solution File, Format Version 12.00
# Visual Studio Version 17
VisualStudioVersion = 17.0.31710.8
MinimumVisualStudioVersion = 10.0.40219.1
Project("{9A19103F-16F7-4668-BE54-9A1E7A4F7556}") = "CLI", "CLI\CLI.csproj", "{212DBD05-4223-477B-A9DA-38518D21ACDB}"
EndProject
Project("{9A19103F-16F7-4668-BE54-9A1E7A4F7556}") = "Compiling", "Compiling\Compiling.csproj", "{55C431E1-3996-4937-B1DA-0B887E76E391}"
EndProject
Project("{9A19103F-16F7-4668-BE54-9A1E7A4F7556}") = "Compiling.Tests", "Compiling.Tests\Compiling.Tests.csproj", "{03240EB7-5389-4F65-A063-7050A7BA91BD}"
EndProject
Project("{9A19103F-16F7-4668-BE54-9A1E7A4F7556}") = "Parsing", "Parsing\Parsing.csproj", "{1B7DF443-98F9-4F10-84DC-2C0564E6C82D}"
EndProject
Project("{2150E333-8FDC-42A3-9474-1A3956D46DE8}") = "Tests", "Tests", "{E20D4D1A-ECA0-4903-AC0F-D2540BDCBA62}"
EndProject
Project("{9A19103F-16F7-4668-BE54-9A1E7A4F7556}") = "Parsing.Tests", "Parsing.Tests\Parsing.Tests.csproj", "{AA711ABE-9D9C-433D-A6D9-9FB128264125}"
EndProject
Project("{9A19103F-16F7-4668-BE54-9A1E7A4F7556}") = "Lexing", "Lexing\Lexing.csproj", "{D6ED0F1A-380D-4D02-8AF5-04A5262FA4BB}"
EndProject
Project("{9A19103F-16F7-4668-BE54-9A1E7A4F7556}") = "Lexing.Tests", "Lexing.Tests\Lexing.Tests.csproj", "{79773A2B-A940-48F6-80EA-9BEDD5A98AAB}"
EndProject
Project("{FAE04EC0-301F-11D3-BF4B-00C04F79EFBC}") = "TestHelpers.Tests", "TestHelpers.Tests\TestHelpers.Tests.csproj", "{CBC98C6B-DEC0-460C-9B5C-87802370C83F}"
EndProject
Global
	GlobalSection(SolutionConfigurationPlatforms) = preSolution
		Debug|Any CPU = Debug|Any CPU
		Release|Any CPU = Release|Any CPU
	EndGlobalSection
	GlobalSection(ProjectConfigurationPlatforms) = postSolution
		{212DBD05-4223-477B-A9DA-38518D21ACDB}.Debug|Any CPU.ActiveCfg = Debug|Any CPU
		{212DBD05-4223-477B-A9DA-38518D21ACDB}.Debug|Any CPU.Build.0 = Debug|Any CPU
		{212DBD05-4223-477B-A9DA-38518D21ACDB}.Release|Any CPU.ActiveCfg = Release|Any CPU
		{212DBD05-4223-477B-A9DA-38518D21ACDB}.Release|Any CPU.Build.0 = Release|Any CPU
		{55C431E1-3996-4937-B1DA-0B887E76E391}.Debug|Any CPU.ActiveCfg = Debug|Any CPU
		{55C431E1-3996-4937-B1DA-0B887E76E391}.Debug|Any CPU.Build.0 = Debug|Any CPU
		{55C431E1-3996-4937-B1DA-0B887E76E391}.Release|Any CPU.ActiveCfg = Release|Any CPU
		{55C431E1-3996-4937-B1DA-0B887E76E391}.Release|Any CPU.Build.0 = Release|Any CPU
		{03240EB7-5389-4F65-A063-7050A7BA91BD}.Debug|Any CPU.ActiveCfg = Debug|Any CPU
		{03240EB7-5389-4F65-A063-7050A7BA91BD}.Debug|Any CPU.Build.0 = Debug|Any CPU
		{03240EB7-5389-4F65-A063-7050A7BA91BD}.Release|Any CPU.ActiveCfg = Release|Any CPU
		{03240EB7-5389-4F65-A063-7050A7BA91BD}.Release|Any CPU.Build.0 = Release|Any CPU
		{1B7DF443-98F9-4F10-84DC-2C0564E6C82D}.Debug|Any CPU.ActiveCfg = Debug|Any CPU
		{1B7DF443-98F9-4F10-84DC-2C0564E6C82D}.Debug|Any CPU.Build.0 = Debug|Any CPU
		{1B7DF443-98F9-4F10-84DC-2C0564E6C82D}.Release|Any CPU.ActiveCfg = Release|Any CPU
		{1B7DF443-98F9-4F10-84DC-2C0564E6C82D}.Release|Any CPU.Build.0 = Release|Any CPU
		{AA711ABE-9D9C-433D-A6D9-9FB128264125}.Debug|Any CPU.ActiveCfg = Debug|Any CPU
		{AA711ABE-9D9C-433D-A6D9-9FB128264125}.Debug|Any CPU.Build.0 = Debug|Any CPU
		{AA711ABE-9D9C-433D-A6D9-9FB128264125}.Release|Any CPU.ActiveCfg = Release|Any CPU
		{AA711ABE-9D9C-433D-A6D9-9FB128264125}.Release|Any CPU.Build.0 = Release|Any CPU
		{D6ED0F1A-380D-4D02-8AF5-04A5262FA4BB}.Debug|Any CPU.ActiveCfg = Debug|Any CPU
		{D6ED0F1A-380D-4D02-8AF5-04A5262FA4BB}.Debug|Any CPU.Build.0 = Debug|Any CPU
		{D6ED0F1A-380D-4D02-8AF5-04A5262FA4BB}.Release|Any CPU.ActiveCfg = Release|Any CPU
		{D6ED0F1A-380D-4D02-8AF5-04A5262FA4BB}.Release|Any CPU.Build.0 = Release|Any CPU
		{79773A2B-A940-48F6-80EA-9BEDD5A98AAB}.Debug|Any CPU.ActiveCfg = Debug|Any CPU
		{79773A2B-A940-48F6-80EA-9BEDD5A98AAB}.Debug|Any CPU.Build.0 = Debug|Any CPU
		{79773A2B-A940-48F6-80EA-9BEDD5A98AAB}.Release|Any CPU.ActiveCfg = Release|Any CPU
		{79773A2B-A940-48F6-80EA-9BEDD5A98AAB}.Release|Any CPU.Build.0 = Release|Any CPU
		{CBC98C6B-DEC0-460C-9B5C-87802370C83F}.Debug|Any CPU.ActiveCfg = Debug|Any CPU
		{CBC98C6B-DEC0-460C-9B5C-87802370C83F}.Debug|Any CPU.Build.0 = Debug|Any CPU
		{CBC98C6B-DEC0-460C-9B5C-87802370C83F}.Release|Any CPU.ActiveCfg = Release|Any CPU
		{CBC98C6B-DEC0-460C-9B5C-87802370C83F}.Release|Any CPU.Build.0 = Release|Any CPU
	EndGlobalSection
	GlobalSection(SolutionProperties) = preSolution
		HideSolutionNode = FALSE
	EndGlobalSection
	GlobalSection(NestedProjects) = preSolution
		{03240EB7-5389-4F65-A063-7050A7BA91BD} = {E20D4D1A-ECA0-4903-AC0F-D2540BDCBA62}
		{AA711ABE-9D9C-433D-A6D9-9FB128264125} = {E20D4D1A-ECA0-4903-AC0F-D2540BDCBA62}
		{79773A2B-A940-48F6-80EA-9BEDD5A98AAB} = {E20D4D1A-ECA0-4903-AC0F-D2540BDCBA62}
		{CBC98C6B-DEC0-460C-9B5C-87802370C83F} = {E20D4D1A-ECA0-4903-AC0F-D2540BDCBA62}
	EndGlobalSection
	GlobalSection(ExtensibilityGlobals) = postSolution
		SolutionGuid = {58944CF8-3027-405A-826C-AC440C6D945F}
	EndGlobalSection
EndGlobal
